
Microsoft Visual Studio Solution File, Format Version 12.00
# Visual Studio 2013
VisualStudioVersion = 12.0.31101.0
MinimumVisualStudioVersion = 10.0.40219.1
Project("{FAE04EC0-301F-11D3-BF4B-00C04F79EFBC}") = "CommonMethod", "CommonLibrary\CommonMethod.csproj", "{C31B5252-FA45-49C7-932F-6BF7E134E483}"
EndProject
Project("{FAE04EC0-301F-11D3-BF4B-00C04F79EFBC}") = "LibTester", "LibTester\LibTester.csproj", "{5D943917-5B0E-4644-A5C1-31DBE4876291}"
EndProject
Project("{FAE04EC0-301F-11D3-BF4B-00C04F79EFBC}") = "CommonResources", "ACloudResources\CommonResources.csproj", "{897E2CDE-69C1-4809-896C-F5D9E2256B0F}"
EndProject
Project("{FAE04EC0-301F-11D3-BF4B-00C04F79EFBC}") = "CommonControls", "ACloudCommonControls\CommonControls.csproj", "{5B159F57-59C6-4186-8FE3-AEFAF9638B85}"
EndProject
Project("{FAE04EC0-301F-11D3-BF4B-00C04F79EFBC}") = "SpectrumFileFormat", "ACloudFileFormat\SpectrumFileFormat.csproj", "{E01F8204-E19B-4C55-B3BD-D4270DF16F1C}"
EndProject
Project("{FAE04EC0-301F-11D3-BF4B-00C04F79EFBC}") = "SpectrumAlgorithm", "ACloudPLSAlgorithm\SpectrumAlgorithm.csproj", "{FFE0B384-D57F-415E-B93D-7E45ACF7745B}"
EndProject
Project("{FAE04EC0-301F-11D3-BF4B-00C04F79EFBC}") = "ACloudSecurity", "ACloudSecurity\ACloudSecurity.csproj", "{6C6FD377-DE57-446B-B9D7-E057B15A97D0}"
EndProject
Global
	GlobalSection(SolutionConfigurationPlatforms) = preSolution
		Debug|Any CPU = Debug|Any CPU
		Debug|Mixed Platforms = Debug|Mixed Platforms
		Debug|x86 = Debug|x86
		Release|Any CPU = Release|Any CPU
		Release|Mixed Platforms = Release|Mixed Platforms
		Release|x86 = Release|x86
		XPVersion|Any CPU = XPVersion|Any CPU
		XPVersion|Mixed Platforms = XPVersion|Mixed Platforms
		XPVersion|x86 = XPVersion|x86
	EndGlobalSection
	GlobalSection(ProjectConfigurationPlatforms) = postSolution
		{C31B5252-FA45-49C7-932F-6BF7E134E483}.Debug|Any CPU.ActiveCfg = Debug|Any CPU
		{C31B5252-FA45-49C7-932F-6BF7E134E483}.Debug|Any CPU.Build.0 = Debug|Any CPU
		{C31B5252-FA45-49C7-932F-6BF7E134E483}.Debug|Mixed Platforms.ActiveCfg = Debug|Any CPU
		{C31B5252-FA45-49C7-932F-6BF7E134E483}.Debug|Mixed Platforms.Build.0 = Debug|Any CPU
		{C31B5252-FA45-49C7-932F-6BF7E134E483}.Debug|x86.ActiveCfg = Debug|Any CPU
		{C31B5252-FA45-49C7-932F-6BF7E134E483}.Release|Any CPU.ActiveCfg = Release|Any CPU
		{C31B5252-FA45-49C7-932F-6BF7E134E483}.Release|Any CPU.Build.0 = Release|Any CPU
		{C31B5252-FA45-49C7-932F-6BF7E134E483}.Release|Mixed Platforms.ActiveCfg = Release|Any CPU
		{C31B5252-FA45-49C7-932F-6BF7E134E483}.Release|Mixed Platforms.Build.0 = Release|Any CPU
		{C31B5252-FA45-49C7-932F-6BF7E134E483}.Release|x86.ActiveCfg = Release|Any CPU
		{C31B5252-FA45-49C7-932F-6BF7E134E483}.XPVersion|Any CPU.ActiveCfg = Release|Any CPU
		{C31B5252-FA45-49C7-932F-6BF7E134E483}.XPVersion|Any CPU.Build.0 = Release|Any CPU
		{C31B5252-FA45-49C7-932F-6BF7E134E483}.XPVersion|Mixed Platforms.ActiveCfg = Release|Any CPU
		{C31B5252-FA45-49C7-932F-6BF7E134E483}.XPVersion|Mixed Platforms.Build.0 = Release|Any CPU
		{C31B5252-FA45-49C7-932F-6BF7E134E483}.XPVersion|x86.ActiveCfg = Release|Any CPU
		{5D943917-5B0E-4644-A5C1-31DBE4876291}.Debug|Any CPU.ActiveCfg = Debug|x86
		{5D943917-5B0E-4644-A5C1-31DBE4876291}.Debug|Any CPU.Build.0 = Debug|x86
		{5D943917-5B0E-4644-A5C1-31DBE4876291}.Debug|Mixed Platforms.ActiveCfg = Debug|x86
		{5D943917-5B0E-4644-A5C1-31DBE4876291}.Debug|Mixed Platforms.Build.0 = Debug|x86
		{5D943917-5B0E-4644-A5C1-31DBE4876291}.Debug|x86.ActiveCfg = Debug|x86
		{5D943917-5B0E-4644-A5C1-31DBE4876291}.Debug|x86.Build.0 = Debug|x86
		{5D943917-5B0E-4644-A5C1-31DBE4876291}.Release|Any CPU.ActiveCfg = Release|x86
		{5D943917-5B0E-4644-A5C1-31DBE4876291}.Release|Any CPU.Build.0 = Release|x86
		{5D943917-5B0E-4644-A5C1-31DBE4876291}.Release|Mixed Platforms.ActiveCfg = Release|x86
		{5D943917-5B0E-4644-A5C1-31DBE4876291}.Release|Mixed Platforms.Build.0 = Release|x86
		{5D943917-5B0E-4644-A5C1-31DBE4876291}.Release|x86.ActiveCfg = Release|x86
		{5D943917-5B0E-4644-A5C1-31DBE4876291}.Release|x86.Build.0 = Release|x86
		{5D943917-5B0E-4644-A5C1-31DBE4876291}.XPVersion|Any CPU.ActiveCfg = Release|x86
		{5D943917-5B0E-4644-A5C1-31DBE4876291}.XPVersion|Mixed Platforms.ActiveCfg = Release|x86
		{5D943917-5B0E-4644-A5C1-31DBE4876291}.XPVersion|Mixed Platforms.Build.0 = Release|x86
		{5D943917-5B0E-4644-A5C1-31DBE4876291}.XPVersion|x86.ActiveCfg = Release|x86
		{5D943917-5B0E-4644-A5C1-31DBE4876291}.XPVersion|x86.Build.0 = Release|x86
		{897E2CDE-69C1-4809-896C-F5D9E2256B0F}.Debug|Any CPU.ActiveCfg = Debug|Any CPU
		{897E2CDE-69C1-4809-896C-F5D9E2256B0F}.Debug|Any CPU.Build.0 = Debug|Any CPU
		{897E2CDE-69C1-4809-896C-F5D9E2256B0F}.Debug|Mixed Platforms.ActiveCfg = Debug|Any CPU
		{897E2CDE-69C1-4809-896C-F5D9E2256B0F}.Debug|Mixed Platforms.Build.0 = Debug|Any CPU
		{897E2CDE-69C1-4809-896C-F5D9E2256B0F}.Debug|x86.ActiveCfg = Debug|Any CPU
		{897E2CDE-69C1-4809-896C-F5D9E2256B0F}.Release|Any CPU.ActiveCfg = Release|Any CPU
		{897E2CDE-69C1-4809-896C-F5D9E2256B0F}.Release|Any CPU.Build.0 = Release|Any CPU
		{897E2CDE-69C1-4809-896C-F5D9E2256B0F}.Release|Mixed Platforms.ActiveCfg = Release|Any CPU
		{897E2CDE-69C1-4809-896C-F5D9E2256B0F}.Release|Mixed Platforms.Build.0 = Release|Any CPU
		{897E2CDE-69C1-4809-896C-F5D9E2256B0F}.Release|x86.ActiveCfg = Release|Any CPU
		{897E2CDE-69C1-4809-896C-F5D9E2256B0F}.XPVersion|Any CPU.ActiveCfg = XPVersion|Any CPU
		{897E2CDE-69C1-4809-896C-F5D9E2256B0F}.XPVersion|Any CPU.Build.0 = XPVersion|Any CPU
		{897E2CDE-69C1-4809-896C-F5D9E2256B0F}.XPVersion|Mixed Platforms.ActiveCfg = XPVersion|x86
		{897E2CDE-69C1-4809-896C-F5D9E2256B0F}.XPVersion|Mixed Platforms.Build.0 = XPVersion|x86
		{897E2CDE-69C1-4809-896C-F5D9E2256B0F}.XPVersion|x86.ActiveCfg = XPVersion|x86
		{897E2CDE-69C1-4809-896C-F5D9E2256B0F}.XPVersion|x86.Build.0 = XPVersion|x86
		{5B159F57-59C6-4186-8FE3-AEFAF9638B85}.Debug|Any CPU.ActiveCfg = Debug|Any CPU
		{5B159F57-59C6-4186-8FE3-AEFAF9638B85}.Debug|Any CPU.Build.0 = Debug|Any CPU
		{5B159F57-59C6-4186-8FE3-AEFAF9638B85}.Debug|Mixed Platforms.ActiveCfg = Debug|Any CPU
		{5B159F57-59C6-4186-8FE3-AEFAF9638B85}.Debug|Mixed Platforms.Build.0 = Debug|Any CPU
		{5B159F57-59C6-4186-8FE3-AEFAF9638B85}.Debug|x86.ActiveCfg = Debug|Any CPU
		{5B159F57-59C6-4186-8FE3-AEFAF9638B85}.Release|Any CPU.ActiveCfg = Release|Any CPU
		{5B159F57-59C6-4186-8FE3-AEFAF9638B85}.Release|Any CPU.Build.0 = Release|Any CPU
		{5B159F57-59C6-4186-8FE3-AEFAF9638B85}.Release|Mixed Platforms.ActiveCfg = Release|Any CPU
		{5B159F57-59C6-4186-8FE3-AEFAF9638B85}.Release|Mixed Platforms.Build.0 = Release|Any CPU
		{5B159F57-59C6-4186-8FE3-AEFAF9638B85}.Release|x86.ActiveCfg = Release|Any CPU
		{5B159F57-59C6-4186-8FE3-AEFAF9638B85}.XPVersion|Any CPU.ActiveCfg = XPVersion|Any CPU
		{5B159F57-59C6-4186-8FE3-AEFAF9638B85}.XPVersion|Any CPU.Build.0 = XPVersion|Any CPU
		{5B159F57-59C6-4186-8FE3-AEFAF9638B85}.XPVersion|Mixed Platforms.ActiveCfg = XPVersion|x86
		{5B159F57-59C6-4186-8FE3-AEFAF9638B85}.XPVersion|Mixed Platforms.Build.0 = XPVersion|x86
		{5B159F57-59C6-4186-8FE3-AEFAF9638B85}.XPVersion|x86.ActiveCfg = XPVersion|x86
		{5B159F57-59C6-4186-8FE3-AEFAF9638B85}.XPVersion|x86.Build.0 = XPVersion|x86
		{E01F8204-E19B-4C55-B3BD-D4270DF16F1C}.Debug|Any CPU.ActiveCfg = Debug|Any CPU
		{E01F8204-E19B-4C55-B3BD-D4270DF16F1C}.Debug|Any CPU.Build.0 = Debug|Any CPU
		{E01F8204-E19B-4C55-B3BD-D4270DF16F1C}.Debug|Mixed Platforms.ActiveCfg = Debug|x86
		{E01F8204-E19B-4C55-B3BD-D4270DF16F1C}.Debug|Mixed Platforms.Build.0 = Debug|x86
		{E01F8204-E19B-4C55-B3BD-D4270DF16F1C}.Debug|x86.ActiveCfg = Debug|x86
		{E01F8204-E19B-4C55-B3BD-D4270DF16F1C}.Debug|x86.Build.0 = Debug|x86
		{E01F8204-E19B-4C55-B3BD-D4270DF16F1C}.Release|Any CPU.ActiveCfg = Release|Any CPU
		{E01F8204-E19B-4C55-B3BD-D4270DF16F1C}.Release|Any CPU.Build.0 = Release|Any CPU
		{E01F8204-E19B-4C55-B3BD-D4270DF16F1C}.Release|Mixed Platforms.ActiveCfg = Release|x86
		{E01F8204-E19B-4C55-B3BD-D4270DF16F1C}.Release|Mixed Platforms.Build.0 = Release|x86
		{E01F8204-E19B-4C55-B3BD-D4270DF16F1C}.Release|x86.ActiveCfg = Release|x86
		{E01F8204-E19B-4C55-B3BD-D4270DF16F1C}.Release|x86.Build.0 = Release|x86
		{E01F8204-E19B-4C55-B3BD-D4270DF16F1C}.XPVersion|Any CPU.ActiveCfg = XPVersion|Any CPU
		{E01F8204-E19B-4C55-B3BD-D4270DF16F1C}.XPVersion|Any CPU.Build.0 = XPVersion|Any CPU
		{E01F8204-E19B-4C55-B3BD-D4270DF16F1C}.XPVersion|Mixed Platforms.ActiveCfg = XPVersion|x86
		{E01F8204-E19B-4C55-B3BD-D4270DF16F1C}.XPVersion|Mixed Platforms.Build.0 = XPVersion|x86
		{E01F8204-E19B-4C55-B3BD-D4270DF16F1C}.XPVersion|x86.ActiveCfg = XPVersion|x86
		{E01F8204-E19B-4C55-B3BD-D4270DF16F1C}.XPVersion|x86.Build.0 = XPVersion|x86
		{FFE0B384-D57F-415E-B93D-7E45ACF7745B}.Debug|Any CPU.ActiveCfg = Debug|Any CPU
		{FFE0B384-D57F-415E-B93D-7E45ACF7745B}.Debug|Any CPU.Build.0 = Debug|Any CPU
		{FFE0B384-D57F-415E-B93D-7E45ACF7745B}.Debug|Mixed Platforms.ActiveCfg = Debug|x86
		{FFE0B384-D57F-415E-B93D-7E45ACF7745B}.Debug|Mixed Platforms.Build.0 = Debug|x86
		{FFE0B384-D57F-415E-B93D-7E45ACF7745B}.Debug|x86.ActiveCfg = Debug|x86
		{FFE0B384-D57F-415E-B93D-7E45ACF7745B}.Debug|x86.Build.0 = Debug|x86
		{FFE0B384-D57F-415E-B93D-7E45ACF7745B}.Release|Any CPU.ActiveCfg = Release|Any CPU
		{FFE0B384-D57F-415E-B93D-7E45ACF7745B}.Release|Any CPU.Build.0 = Release|Any CPU
		{FFE0B384-D57F-415E-B93D-7E45ACF7745B}.Release|Mixed Platforms.ActiveCfg = Release|x86
		{FFE0B384-D57F-415E-B93D-7E45ACF7745B}.Release|Mixed Platforms.Build.0 = Release|x86
		{FFE0B384-D57F-415E-B93D-7E45ACF7745B}.Release|x86.ActiveCfg = Release|x86
		{FFE0B384-D57F-415E-B93D-7E45ACF7745B}.Release|x86.Build.0 = Release|x86
		{FFE0B384-D57F-415E-B93D-7E45ACF7745B}.XPVersion|Any CPU.ActiveCfg = XPVersion|Any CPU
		{FFE0B384-D57F-415E-B93D-7E45ACF7745B}.XPVersion|Any CPU.Build.0 = XPVersion|Any CPU
		{FFE0B384-D57F-415E-B93D-7E45ACF7745B}.XPVersion|Mixed Platforms.ActiveCfg = XPVersion|x86
		{FFE0B384-D57F-415E-B93D-7E45ACF7745B}.XPVersion|Mixed Platforms.Build.0 = XPVersion|x86
		{FFE0B384-D57F-415E-B93D-7E45ACF7745B}.XPVersion|x86.ActiveCfg = XPVersion|x86
		{FFE0B384-D57F-415E-B93D-7E45ACF7745B}.XPVersion|x86.Build.0 = XPVersion|x86
		{6C6FD377-DE57-446B-B9D7-E057B15A97D0}.Debug|Any CPU.ActiveCfg = Debug|Any CPU
		{6C6FD377-DE57-446B-B9D7-E057B15A97D0}.Debug|Any CPU.Build.0 = Debug|Any CPU
		{6C6FD377-DE57-446B-B9D7-E057B15A97D0}.Debug|Mixed Platforms.ActiveCfg = Debug|x86
		{6C6FD377-DE57-446B-B9D7-E057B15A97D0}.Debug|Mixed Platforms.Build.0 = Debug|x86
		{6C6FD377-DE57-446B-B9D7-E057B15A97D0}.Debug|x86.ActiveCfg = Debug|x86
		{6C6FD377-DE57-446B-B9D7-E057B15A97D0}.Debug|x86.Build.0 = Debug|x86
		{6C6FD377-DE57-446B-B9D7-E057B15A97D0}.Release|Any CPU.ActiveCfg = Release|Any CPU
		{6C6FD377-DE57-446B-B9D7-E057B15A97D0}.Release|Any CPU.Build.0 = Release|Any CPU
		{6C6FD377-DE57-446B-B9D7-E057B15A97D0}.Release|Mixed Platforms.ActiveCfg = Release|x86
		{6C6FD377-DE57-446B-B9D7-E057B15A97D0}.Release|Mixed Platforms.Build.0 = Release|x86
		{6C6FD377-DE57-446B-B9D7-E057B15A97D0}.Release|x86.ActiveCfg = Release|x86
		{6C6FD377-DE57-446B-B9D7-E057B15A97D0}.Release|x86.Build.0 = Release|x86
		{6C6FD377-DE57-446B-B9D7-E057B15A97D0}.XPVersion|Any CPU.ActiveCfg = XPVersion|Any CPU
		{6C6FD377-DE57-446B-B9D7-E057B15A97D0}.XPVersion|Any CPU.Build.0 = XPVersion|Any CPU
		{6C6FD377-DE57-446B-B9D7-E057B15A97D0}.XPVersion|Mixed Platforms.ActiveCfg = XPVersion|x86
		{6C6FD377-DE57-446B-B9D7-E057B15A97D0}.XPVersion|Mixed Platforms.Build.0 = XPVersion|x86
		{6C6FD377-DE57-446B-B9D7-E057B15A97D0}.XPVersion|x86.ActiveCfg = XPVersion|x86
		{6C6FD377-DE57-446B-B9D7-E057B15A97D0}.XPVersion|x86.Build.0 = XPVersion|x86
	EndGlobalSection
	GlobalSection(SolutionProperties) = preSolution
		HideSolutionNode = FALSE
	EndGlobalSection
EndGlobal
